{
  "pins" : [
    {
      "identity" : "designsystem",
      "kind" : "remoteSourceControl",
      "location" : "https://github.com/GRGBISHOW/DesignSystem.git",
      "state" : {
        "revision" : "d5bc6d7c8ae3f8f6deafb5a9b6c570254330b326",
        "version" : "0.0.2"
      }
    },
    {
      "identity" : "minimalnetworking",
      "kind" : "remoteSourceControl",
      "location" : "https://github.com/GRGBISHOW/MinimalNetworking.git",
      "state" : {
        "revision" : "b4f80abe40563eb22028061bc32ef373e917d48a",
        "version" : "0.0.2"
      }
    }
  ],
  "version" : 2
}
