// !$*UTF8*$!
{
	archiveVersion = 1;
	classes = {
	};
	objectVersion = 60;
	objects = {

/* Begin PBXBuildFile section */
		82B98CCC2BC115D50047EA95 /* MovieSearchApp.swift in Sources */ = {isa = PBXBuildFile; fileRef = 82B98CCB2BC115D50047EA95 /* MovieSearchApp.swift */; };
		82B98CCE2BC115D50047EA95 /* ContentView.swift in Sources */ = {isa = PBXBuildFile; fileRef = 82B98CCD2BC115D50047EA95 /* ContentView.swift */; };
		82B98CD02BC115D60047EA95 /* Assets.xcassets in Resources */ = {isa = PBXBuildFile; fileRef = 82B98CCF2BC115D60047EA95 /* Assets.xcassets */; };
		82B98CD32BC115D60047EA95 /* Preview Assets.xcassets in Resources */ = {isa = PBXBuildFile; fileRef = 82B98CD22BC115D60047EA95 /* Preview Assets.xcassets */; };
		82B98CD52BC115D60047EA95 /* PersistentStore.swift in Sources */ = {isa = PBXBuildFile; fileRef = 82B98CD42BC115D60047EA95 /* PersistentStore.swift */; };
		82B98CD82BC115D60047EA95 /* MovieSearch.xcdatamodeld in Sources */ = {isa = PBXBuildFile; fileRef = 82B98CD62BC115D60047EA95 /* MovieSearch.xcdatamodeld */; };
		82B98CE22BC115D60047EA95 /* MovieSearchTests.swift in Sources */ = {isa = PBXBuildFile; fileRef = 82B98CE12BC115D60047EA95 /* MovieSearchTests.swift */; };
		82B98CEC2BC115D60047EA95 /* MovieSearchUITests.swift in Sources */ = {isa = PBXBuildFile; fileRef = 82B98CEB2BC115D60047EA95 /* MovieSearchUITests.swift */; };
		82B98CEE2BC115D60047EA95 /* MovieSearchUITestsLaunchTests.swift in Sources */ = {isa = PBXBuildFile; fileRef = 82B98CED2BC115D60047EA95 /* MovieSearchUITestsLaunchTests.swift */; };
		82B98CFC2BC1178A0047EA95 /* MinimalNetworking in Frameworks */ = {isa = PBXBuildFile; productRef = 82B98CFB2BC1178A0047EA95 /* MinimalNetworking */; };
		82B98CFF2BC117A10047EA95 /* DesignSystem in Frameworks */ = {isa = PBXBuildFile; productRef = 82B98CFE2BC117A10047EA95 /* DesignSystem */; };
		82B98D112BC11BA90047EA95 /* CoreData+Helper.swift in Sources */ = {isa = PBXBuildFile; fileRef = 82B98D102BC11BA90047EA95 /* CoreData+Helper.swift */; };
		82B98D182BC15BD50047EA95 /* NetworkConfiguration.swift in Sources */ = {isa = PBXBuildFile; fileRef = 82B98D172BC15BD50047EA95 /* NetworkConfiguration.swift */; };
		82B98D1A2BC15C030047EA95 /* AppDelegate.swift in Sources */ = {isa = PBXBuildFile; fileRef = 82B98D192BC15C030047EA95 /* AppDelegate.swift */; };
		82B98D1C2BC15C470047EA95 /* Movie.swift in Sources */ = {isa = PBXBuildFile; fileRef = 82B98D1B2BC15C470047EA95 /* Movie.swift */; };
		82B98D1E2BC15C6E0047EA95 /* Movie+CoreData.swift in Sources */ = {isa = PBXBuildFile; fileRef = 82B98D1D2BC15C6E0047EA95 /* Movie+CoreData.swift */; };
/* End PBXBuildFile section */

/* Begin PBXContainerItemProxy section */
		82B98CDE2BC115D60047EA95 /* PBXContainerItemProxy */ = {
			isa = PBXContainerItemProxy;
			containerPortal = 82B98CC02BC115D50047EA95 /* Project object */;
			proxyType = 1;
			remoteGlobalIDString = 82B98CC72BC115D50047EA95;
			remoteInfo = MovieSearch;
		};
		82B98CE82BC115D60047EA95 /* PBXContainerItemProxy */ = {
			isa = PBXContainerItemProxy;
			containerPortal = 82B98CC02BC115D50047EA95 /* Project object */;
			proxyType = 1;
			remoteGlobalIDString = 82B98CC72BC115D50047EA95;
			remoteInfo = MovieSearch;
		};
/* End PBXContainerItemProxy section */

/* Begin PBXFileReference section */
		82B98CC82BC115D50047EA95 /* MovieSearch.app */ = {isa = PBXFileReference; explicitFileType = wrapper.application; includeInIndex = 0; path = MovieSearch.app; sourceTree = BUILT_PRODUCTS_DIR; };
		82B98CCB2BC115D50047EA95 /* MovieSearchApp.swift */ = {isa = PBXFileReference; lastKnownFileType = sourcecode.swift; path = MovieSearchApp.swift; sourceTree = "<group>"; };
		82B98CCD2BC115D50047EA95 /* ContentView.swift */ = {isa = PBXFileReference; lastKnownFileType = sourcecode.swift; path = ContentView.swift; sourceTree = "<group>"; };
		82B98CCF2BC115D60047EA95 /* Assets.xcassets */ = {isa = PBXFileReference; lastKnownFileType = folder.assetcatalog; path = Assets.xcassets; sourceTree = "<group>"; };
		82B98CD22BC115D60047EA95 /* Preview Assets.xcassets */ = {isa = PBXFileReference; lastKnownFileType = folder.assetcatalog; path = "Preview Assets.xcassets"; sourceTree = "<group>"; };
		82B98CD42BC115D60047EA95 /* PersistentStore.swift */ = {isa = PBXFileReference; lastKnownFileType = sourcecode.swift; path = PersistentStore.swift; sourceTree = "<group>"; };
		82B98CD72BC115D60047EA95 /* MovieSearch.xcdatamodel */ = {isa = PBXFileReference; lastKnownFileType = wrapper.xcdatamodel; path = MovieSearch.xcdatamodel; sourceTree = "<group>"; };
		82B98CDD2BC115D60047EA95 /* MovieSearchTests.xctest */ = {isa = PBXFileReference; explicitFileType = wrapper.cfbundle; includeInIndex = 0; path = MovieSearchTests.xctest; sourceTree = BUILT_PRODUCTS_DIR; };
		82B98CE12BC115D60047EA95 /* MovieSearchTests.swift */ = {isa = PBXFileReference; lastKnownFileType = sourcecode.swift; path = MovieSearchTests.swift; sourceTree = "<group>"; };
		82B98CE72BC115D60047EA95 /* MovieSearchUITests.xctest */ = {isa = PBXFileReference; explicitFileType = wrapper.cfbundle; includeInIndex = 0; path = MovieSearchUITests.xctest; sourceTree = BUILT_PRODUCTS_DIR; };
		82B98CEB2BC115D60047EA95 /* MovieSearchUITests.swift */ = {isa = PBXFileReference; lastKnownFileType = sourcecode.swift; path = MovieSearchUITests.swift; sourceTree = "<group>"; };
		82B98CED2BC115D60047EA95 /* MovieSearchUITestsLaunchTests.swift */ = {isa = PBXFileReference; lastKnownFileType = sourcecode.swift; path = MovieSearchUITestsLaunchTests.swift; sourceTree = "<group>"; };
		82B98D102BC11BA90047EA95 /* CoreData+Helper.swift */ = {isa = PBXFileReference; lastKnownFileType = sourcecode.swift; path = "CoreData+Helper.swift"; sourceTree = "<group>"; };
		82B98D172BC15BD50047EA95 /* NetworkConfiguration.swift */ = {isa = PBXFileReference; lastKnownFileType = sourcecode.swift; path = NetworkConfiguration.swift; sourceTree = "<group>"; };
		82B98D192BC15C030047EA95 /* AppDelegate.swift */ = {isa = PBXFileReference; lastKnownFileType = sourcecode.swift; path = AppDelegate.swift; sourceTree = "<group>"; };
		82B98D1B2BC15C470047EA95 /* Movie.swift */ = {isa = PBXFileReference; lastKnownFileType = sourcecode.swift; path = Movie.swift; sourceTree = "<group>"; };
		82B98D1D2BC15C6E0047EA95 /* Movie+CoreData.swift */ = {isa = PBXFileReference; lastKnownFileType = sourcecode.swift; path = "Movie+CoreData.swift"; sourceTree = "<group>"; };
/* End PBXFileReference section */

/* Begin PBXFrameworksBuildPhase section */
		82B98CC52BC115D50047EA95 /* Frameworks */ = {
			isa = PBXFrameworksBuildPhase;
			buildActionMask = 2147483647;
			files = (
				82B98CFC2BC1178A0047EA95 /* MinimalNetworking in Frameworks */,
				82B98CFF2BC117A10047EA95 /* DesignSystem in Frameworks */,
			);
			runOnlyForDeploymentPostprocessing = 0;
		};
		82B98CDA2BC115D60047EA95 /* Frameworks */ = {
			isa = PBXFrameworksBuildPhase;
			buildActionMask = 2147483647;
			files = (
			);
			runOnlyForDeploymentPostprocessing = 0;
		};
		82B98CE42BC115D60047EA95 /* Frameworks */ = {
			isa = PBXFrameworksBuildPhase;
			buildActionMask = 2147483647;
			files = (
			);
			runOnlyForDeploymentPostprocessing = 0;
		};
/* End PBXFrameworksBuildPhase section */

/* Begin PBXGroup section */
		82B98CBF2BC115D50047EA95 = {
			isa = PBXGroup;
			children = (
				82B98CCA2BC115D50047EA95 /* MovieSearch */,
				82B98CE02BC115D60047EA95 /* MovieSearchTests */,
				82B98CEA2BC115D60047EA95 /* MovieSearchUITests */,
				82B98CC92BC115D50047EA95 /* Products */,
			);
			sourceTree = "<group>";
		};
		82B98CC92BC115D50047EA95 /* Products */ = {
			isa = PBXGroup;
			children = (
				82B98CC82BC115D50047EA95 /* MovieSearch.app */,
				82B98CDD2BC115D60047EA95 /* MovieSearchTests.xctest */,
				82B98CE72BC115D60047EA95 /* MovieSearchUITests.xctest */,
			);
			name = Products;
			sourceTree = "<group>";
		};
		82B98CCA2BC115D50047EA95 /* MovieSearch */ = {
			isa = PBXGroup;
			children = (
				82B98D002BC119A70047EA95 /* Dependencies */,
				82B98D012BC119B30047EA95 /* System */,
				82B98D022BC119BF0047EA95 /* Network */,
				82B98D032BC119D20047EA95 /* Storage */,
				82B98D042BC119F60047EA95 /* Features */,
				82B98D052BC11A040047EA95 /* UI */,
				82B98CCB2BC115D50047EA95 /* MovieSearchApp.swift */,
				82B98CCD2BC115D50047EA95 /* ContentView.swift */,
				82B98CCF2BC115D60047EA95 /* Assets.xcassets */,
				82B98CD12BC115D60047EA95 /* Preview Content */,
			);
			path = MovieSearch;
			sourceTree = "<group>";
		};
		82B98CD12BC115D60047EA95 /* Preview Content */ = {
			isa = PBXGroup;
			children = (
				82B98CD22BC115D60047EA95 /* Preview Assets.xcassets */,
			);
			path = "Preview Content";
			sourceTree = "<group>";
		};
		82B98CE02BC115D60047EA95 /* MovieSearchTests */ = {
			isa = PBXGroup;
			children = (
				82B98D0F2BC11AA10047EA95 /* TestHelpers */,
				82B98D0E2BC11A990047EA95 /* Mocks */,
				82B98D0D2BC11A920047EA95 /* Storage */,
				82B98CE12BC115D60047EA95 /* MovieSearchTests.swift */,
			);
			path = MovieSearchTests;
			sourceTree = "<group>";
		};
		82B98CEA2BC115D60047EA95 /* MovieSearchUITests */ = {
			isa = PBXGroup;
			children = (
				82B98CEB2BC115D60047EA95 /* MovieSearchUITests.swift */,
				82B98CED2BC115D60047EA95 /* MovieSearchUITestsLaunchTests.swift */,
			);
			path = MovieSearchUITests;
			sourceTree = "<group>";
		};
		82B98D002BC119A70047EA95 /* Dependencies */ = {
			isa = PBXGroup;
			children = (
			);
			path = Dependencies;
			sourceTree = "<group>";
		};
		82B98D012BC119B30047EA95 /* System */ = {
			isa = PBXGroup;
			children = (
				82B98D192BC15C030047EA95 /* AppDelegate.swift */,
			);
			path = System;
			sourceTree = "<group>";
		};
		82B98D022BC119BF0047EA95 /* Network */ = {
			isa = PBXGroup;
			children = (
				82B98D172BC15BD50047EA95 /* NetworkConfiguration.swift */,
			);
			path = Network;
			sourceTree = "<group>";
		};
		82B98D032BC119D20047EA95 /* Storage */ = {
			isa = PBXGroup;
			children = (
				82B98CD62BC115D60047EA95 /* MovieSearch.xcdatamodeld */,
				82B98CD42BC115D60047EA95 /* PersistentStore.swift */,
				82B98D102BC11BA90047EA95 /* CoreData+Helper.swift */,
			);
			path = Storage;
			sourceTree = "<group>";
		};
		82B98D042BC119F60047EA95 /* Features */ = {
			isa = PBXGroup;
			children = (
				82B98D062BC11A2E0047EA95 /* MovieSearch */,
			);
			path = Features;
			sourceTree = "<group>";
		};
		82B98D052BC11A040047EA95 /* UI */ = {
			isa = PBXGroup;
			children = (
			);
			path = UI;
			sourceTree = "<group>";
		};
		82B98D062BC11A2E0047EA95 /* MovieSearch */ = {
			isa = PBXGroup;
			children = (
				82B98D0A2BC11A500047EA95 /* Screens */,
				82B98D092BC11A4A0047EA95 /* Services */,
				82B98D082BC11A3F0047EA95 /* DataProvider */,
				82B98D072BC11A380047EA95 /* Models */,
			);
			path = MovieSearch;
			sourceTree = "<group>";
		};
		82B98D072BC11A380047EA95 /* Models */ = {
			isa = PBXGroup;
			children = (
				82B98D1B2BC15C470047EA95 /* Movie.swift */,
				82B98D1D2BC15C6E0047EA95 /* Movie+CoreData.swift */,
			);
			path = Models;
			sourceTree = "<group>";
		};
		82B98D082BC11A3F0047EA95 /* DataProvider */ = {
			isa = PBXGroup;
			children = (
			);
			path = DataProvider;
			sourceTree = "<group>";
		};
		82B98D092BC11A4A0047EA95 /* Services */ = {
			isa = PBXGroup;
			children = (
			);
			path = Services;
			sourceTree = "<group>";
		};
		82B98D0A2BC11A500047EA95 /* Screens */ = {
			isa = PBXGroup;
			children = (
				82B98D0C2BC11A6D0047EA95 /* Detail */,
				82B98D0B2BC11A580047EA95 /* Search */,
			);
			path = Screens;
			sourceTree = "<group>";
		};
		82B98D0B2BC11A580047EA95 /* Search */ = {
			isa = PBXGroup;
			children = (
			);
			path = Search;
			sourceTree = "<group>";
		};
		82B98D0C2BC11A6D0047EA95 /* Detail */ = {
			isa = PBXGroup;
			children = (
			);
			path = Detail;
			sourceTree = "<group>";
		};
		82B98D0D2BC11A920047EA95 /* Storage */ = {
			isa = PBXGroup;
			children = (
			);
			path = Storage;
			sourceTree = "<group>";
		};
		82B98D0E2BC11A990047EA95 /* Mocks */ = {
			isa = PBXGroup;
			children = (
			);
			path = Mocks;
			sourceTree = "<group>";
		};
		82B98D0F2BC11AA10047EA95 /* TestHelpers */ = {
			isa = PBXGroup;
			children = (
			);
			path = TestHelpers;
			sourceTree = "<group>";
		};
/* End PBXGroup section */

/* Begin PBXNativeTarget section */
		82B98CC72BC115D50047EA95 /* MovieSearch */ = {
			isa = PBXNativeTarget;
			buildConfigurationList = 82B98CF12BC115D60047EA95 /* Build configuration list for PBXNativeTarget "MovieSearch" */;
			buildPhases = (
				82B98CC42BC115D50047EA95 /* Sources */,
				82B98CC52BC115D50047EA95 /* Frameworks */,
				82B98CC62BC115D50047EA95 /* Resources */,
			);
			buildRules = (
			);
			dependencies = (
			);
			name = MovieSearch;
			packageProductDependencies = (
				82B98CFB2BC1178A0047EA95 /* MinimalNetworking */,
				82B98CFE2BC117A10047EA95 /* DesignSystem */,
			);
			productName = MovieSearch;
			productReference = 82B98CC82BC115D50047EA95 /* MovieSearch.app */;
			productType = "com.apple.product-type.application";
		};
		82B98CDC2BC115D60047EA95 /* MovieSearchTests */ = {
			isa = PBXNativeTarget;
			buildConfigurationList = 82B98CF42BC115D60047EA95 /* Build configuration list for PBXNativeTarget "MovieSearchTests" */;
			buildPhases = (
				82B98CD92BC115D60047EA95 /* Sources */,
				82B98CDA2BC115D60047EA95 /* Frameworks */,
				82B98CDB2BC115D60047EA95 /* Resources */,
			);
			buildRules = (
			);
			dependencies = (
				82B98CDF2BC115D60047EA95 /* PBXTargetDependency */,
			);
			name = MovieSearchTests;
			productName = MovieSearchTests;
			productReference = 82B98CDD2BC115D60047EA95 /* MovieSearchTests.xctest */;
			productType = "com.apple.product-type.bundle.unit-test";
		};
		82B98CE62BC115D60047EA95 /* MovieSearchUITests */ = {
			isa = PBXNativeTarget;
			buildConfigurationList = 82B98CF72BC115D60047EA95 /* Build configuration list for PBXNativeTarget "MovieSearchUITests" */;
			buildPhases = (
				82B98CE32BC115D60047EA95 /* Sources */,
				82B98CE42BC115D60047EA95 /* Frameworks */,
				82B98CE52BC115D60047EA95 /* Resources */,
			);
			buildRules = (
			);
			dependencies = (
				82B98CE92BC115D60047EA95 /* PBXTargetDependency */,
			);
			name = MovieSearchUITests;
			productName = MovieSearchUITests;
			productReference = 82B98CE72BC115D60047EA95 /* MovieSearchUITests.xctest */;
			productType = "com.apple.product-type.bundle.ui-testing";
		};
/* End PBXNativeTarget section */

/* Begin PBXProject section */
		82B98CC02BC115D50047EA95 /* Project object */ = {
			isa = PBXProject;
			attributes = {
				BuildIndependentTargetsInParallel = 1;
				LastSwiftUpdateCheck = 1520;
				LastUpgradeCheck = 1520;
				TargetAttributes = {
					82B98CC72BC115D50047EA95 = {
						CreatedOnToolsVersion = 15.2;
					};
					82B98CDC2BC115D60047EA95 = {
						CreatedOnToolsVersion = 15.2;
						TestTargetID = 82B98CC72BC115D50047EA95;
					};
					82B98CE62BC115D60047EA95 = {
						CreatedOnToolsVersion = 15.2;
						TestTargetID = 82B98CC72BC115D50047EA95;
					};
				};
			};
			buildConfigurationList = 82B98CC32BC115D50047EA95 /* Build configuration list for PBXProject "MovieSearch" */;
			compatibilityVersion = "Xcode 14.0";
			developmentRegion = en;
			hasScannedForEncodings = 0;
			knownRegions = (
				en,
				Base,
			);
			mainGroup = 82B98CBF2BC115D50047EA95;
			packageReferences = (
				82B98CFA2BC1178A0047EA95 /* XCLocalSwiftPackageReference "../MinimalNetworking" */,
				82B98CFD2BC117A10047EA95 /* XCLocalSwiftPackageReference "../DesignSystem" */,
			);
			productRefGroup = 82B98CC92BC115D50047EA95 /* Products */;
			projectDirPath = "";
			projectRoot = "";
			targets = (
				82B98CC72BC115D50047EA95 /* MovieSearch */,
				82B98CDC2BC115D60047EA95 /* MovieSearchTests */,
				82B98CE62BC115D60047EA95 /* MovieSearchUITests */,
			);
		};
/* End PBXProject section */

/* Begin PBXResourcesBuildPhase section */
		82B98CC62BC115D50047EA95 /* Resources */ = {
			isa = PBXResourcesBuildPhase;
			buildActionMask = 2147483647;
			files = (
				82B98CD32BC115D60047EA95 /* Preview Assets.xcassets in Resources */,
				82B98CD02BC115D60047EA95 /* Assets.xcassets in Resources */,
			);
			runOnlyForDeploymentPostprocessing = 0;
		};
		82B98CDB2BC115D60047EA95 /* Resources */ = {
			isa = PBXResourcesBuildPhase;
			buildActionMask = 2147483647;
			files = (
			);
			runOnlyForDeploymentPostprocessing = 0;
		};
		82B98CE52BC115D60047EA95 /* Resources */ = {
			isa = PBXResourcesBuildPhase;
			buildActionMask = 2147483647;
			files = (
			);
			runOnlyForDeploymentPostprocessing = 0;
		};
/* End PBXResourcesBuildPhase section */

/* Begin PBXSourcesBuildPhase section */
		82B98CC42BC115D50047EA95 /* Sources */ = {
			isa = PBXSourcesBuildPhase;
			buildActionMask = 2147483647;
			files = (
				82B98CD52BC115D60047EA95 /* PersistentStore.swift in Sources */,
				82B98CCE2BC115D50047EA95 /* ContentView.swift in Sources */,
				82B98D1E2BC15C6E0047EA95 /* Movie+CoreData.swift in Sources */,
				82B98CD82BC115D60047EA95 /* MovieSearch.xcdatamodeld in Sources */,
				82B98CCC2BC115D50047EA95 /* MovieSearchApp.swift in Sources */,
				82B98D1A2BC15C030047EA95 /* AppDelegate.swift in Sources */,
				82B98D112BC11BA90047EA95 /* CoreData+Helper.swift in Sources */,
				82B98D1C2BC15C470047EA95 /* Movie.swift in Sources */,
				82B98D182BC15BD50047EA95 /* NetworkConfiguration.swift in Sources */,
			);
			runOnlyForDeploymentPostprocessing = 0;
		};
		82B98CD92BC115D60047EA95 /* Sources */ = {
			isa = PBXSourcesBuildPhase;
			buildActionMask = 2147483647;
			files = (
				82B98CE22BC115D60047EA95 /* MovieSearchTests.swift in Sources */,
			);
			runOnlyForDeploymentPostprocessing = 0;
		};
		82B98CE32BC115D60047EA95 /* Sources */ = {
			isa = PBXSourcesBuildPhase;
			buildActionMask = 2147483647;
			files = (
				82B98CEC2BC115D60047EA95 /* MovieSearchUITests.swift in Sources */,
				82B98CEE2BC115D60047EA95 /* MovieSearchUITestsLaunchTests.swift in Sources */,
			);
			runOnlyForDeploymentPostprocessing = 0;
		};
/* End PBXSourcesBuildPhase section */

/* Begin PBXTargetDependency section */
		82B98CDF2BC115D60047EA95 /* PBXTargetDependency */ = {
			isa = PBXTargetDependency;
			target = 82B98CC72BC115D50047EA95 /* MovieSearch */;
			targetProxy = 82B98CDE2BC115D60047EA95 /* PBXContainerItemProxy */;
		};
		82B98CE92BC115D60047EA95 /* PBXTargetDependency */ = {
			isa = PBXTargetDependency;
			target = 82B98CC72BC115D50047EA95 /* MovieSearch */;
			targetProxy = 82B98CE82BC115D60047EA95 /* PBXContainerItemProxy */;
		};
/* End PBXTargetDependency section */

/* Begin XCBuildConfiguration section */
		82B98CEF2BC115D60047EA95 /* Debug */ = {
			isa = XCBuildConfiguration;
			buildSettings = {
				ALWAYS_SEARCH_USER_PATHS = NO;
				ASSETCATALOG_COMPILER_GENERATE_SWIFT_ASSET_SYMBOL_EXTENSIONS = YES;
				CLANG_ANALYZER_NONNULL = YES;
				CLANG_ANALYZER_NUMBER_OBJECT_CONVERSION = YES_AGGRESSIVE;
				CLANG_CXX_LANGUAGE_STANDARD = "gnu++20";
				CLANG_ENABLE_MODULES = YES;
				CLANG_ENABLE_OBJC_ARC = YES;
				CLANG_ENABLE_OBJC_WEAK = YES;
				CLANG_WARN_BLOCK_CAPTURE_AUTORELEASING = YES;
				CLANG_WARN_BOOL_CONVERSION = YES;
				CLANG_WARN_COMMA = YES;
				CLANG_WARN_CONSTANT_CONVERSION = YES;
				CLANG_WARN_DEPRECATED_OBJC_IMPLEMENTATIONS = YES;
				CLANG_WARN_DIRECT_OBJC_ISA_USAGE = YES_ERROR;
				CLANG_WARN_DOCUMENTATION_COMMENTS = YES;
				CLANG_WARN_EMPTY_BODY = YES;
				CLANG_WARN_ENUM_CONVERSION = YES;
				CLANG_WARN_INFINITE_RECURSION = YES;
				CLANG_WARN_INT_CONVERSION = YES;
				CLANG_WARN_NON_LITERAL_NULL_CONVERSION = YES;
				CLANG_WARN_OBJC_IMPLICIT_RETAIN_SELF = YES;
				CLANG_WARN_OBJC_LITERAL_CONVERSION = YES;
				CLANG_WARN_OBJC_ROOT_CLASS = YES_ERROR;
				CLANG_WARN_QUOTED_INCLUDE_IN_FRAMEWORK_HEADER = YES;
				CLANG_WARN_RANGE_LOOP_ANALYSIS = YES;
				CLANG_WARN_STRICT_PROTOTYPES = YES;
				CLANG_WARN_SUSPICIOUS_MOVE = YES;
				CLANG_WARN_UNGUARDED_AVAILABILITY = YES_AGGRESSIVE;
				CLANG_WARN_UNREACHABLE_CODE = YES;
				CLANG_WARN__DUPLICATE_METHOD_MATCH = YES;
				COPY_PHASE_STRIP = NO;
				DEBUG_INFORMATION_FORMAT = dwarf;
				ENABLE_STRICT_OBJC_MSGSEND = YES;
				ENABLE_TESTABILITY = YES;
				ENABLE_USER_SCRIPT_SANDBOXING = YES;
				GCC_C_LANGUAGE_STANDARD = gnu17;
				GCC_DYNAMIC_NO_PIC = NO;
				GCC_NO_COMMON_BLOCKS = YES;
				GCC_OPTIMIZATION_LEVEL = 0;
				GCC_PREPROCESSOR_DEFINITIONS = (
					"DEBUG=1",
					"$(inherited)",
				);
				GCC_WARN_64_TO_32_BIT_CONVERSION = YES;
				GCC_WARN_ABOUT_RETURN_TYPE = YES_ERROR;
				GCC_WARN_UNDECLARED_SELECTOR = YES;
				GCC_WARN_UNINITIALIZED_AUTOS = YES_AGGRESSIVE;
				GCC_WARN_UNUSED_FUNCTION = YES;
				GCC_WARN_UNUSED_VARIABLE = YES;
				IPHONEOS_DEPLOYMENT_TARGET = 17.2;
				LOCALIZATION_PREFERS_STRING_CATALOGS = YES;
				MTL_ENABLE_DEBUG_INFO = INCLUDE_SOURCE;
				MTL_FAST_MATH = YES;
				ONLY_ACTIVE_ARCH = YES;
				SDKROOT = iphoneos;
				SWIFT_ACTIVE_COMPILATION_CONDITIONS = "DEBUG $(inherited)";
				SWIFT_OPTIMIZATION_LEVEL = "-Onone";
			};
			name = Debug;
		};
		82B98CF02BC115D60047EA95 /* Release */ = {
			isa = XCBuildConfiguration;
			buildSettings = {
				ALWAYS_SEARCH_USER_PATHS = NO;
				ASSETCATALOG_COMPILER_GENERATE_SWIFT_ASSET_SYMBOL_EXTENSIONS = YES;
				CLANG_ANALYZER_NONNULL = YES;
				CLANG_ANALYZER_NUMBER_OBJECT_CONVERSION = YES_AGGRESSIVE;
				CLANG_CXX_LANGUAGE_STANDARD = "gnu++20";
				CLANG_ENABLE_MODULES = YES;
				CLANG_ENABLE_OBJC_ARC = YES;
				CLANG_ENABLE_OBJC_WEAK = YES;
				CLANG_WARN_BLOCK_CAPTURE_AUTORELEASING = YES;
				CLANG_WARN_BOOL_CONVERSION = YES;
				CLANG_WARN_COMMA = YES;
				CLANG_WARN_CONSTANT_CONVERSION = YES;
				CLANG_WARN_DEPRECATED_OBJC_IMPLEMENTATIONS = YES;
				CLANG_WARN_DIRECT_OBJC_ISA_USAGE = YES_ERROR;
				CLANG_WARN_DOCUMENTATION_COMMENTS = YES;
				CLANG_WARN_EMPTY_BODY = YES;
				CLANG_WARN_ENUM_CONVERSION = YES;
				CLANG_WARN_INFINITE_RECURSION = YES;
				CLANG_WARN_INT_CONVERSION = YES;
				CLANG_WARN_NON_LITERAL_NULL_CONVERSION = YES;
				CLANG_WARN_OBJC_IMPLICIT_RETAIN_SELF = YES;
				CLANG_WARN_OBJC_LITERAL_CONVERSION = YES;
				CLANG_WARN_OBJC_ROOT_CLASS = YES_ERROR;
				CLANG_WARN_QUOTED_INCLUDE_IN_FRAMEWORK_HEADER = YES;
				CLANG_WARN_RANGE_LOOP_ANALYSIS = YES;
				CLANG_WARN_STRICT_PROTOTYPES = YES;
				CLANG_WARN_SUSPICIOUS_MOVE = YES;
				CLANG_WARN_UNGUARDED_AVAILABILITY = YES_AGGRESSIVE;
				CLANG_WARN_UNREACHABLE_CODE = YES;
				CLANG_WARN__DUPLICATE_METHOD_MATCH = YES;
				COPY_PHASE_STRIP = NO;
				DEBUG_INFORMATION_FORMAT = "dwarf-with-dsym";
				ENABLE_NS_ASSERTIONS = NO;
				ENABLE_STRICT_OBJC_MSGSEND = YES;
				ENABLE_USER_SCRIPT_SANDBOXING = YES;
				GCC_C_LANGUAGE_STANDARD = gnu17;
				GCC_NO_COMMON_BLOCKS = YES;
				GCC_WARN_64_TO_32_BIT_CONVERSION = YES;
				GCC_WARN_ABOUT_RETURN_TYPE = YES_ERROR;
				GCC_WARN_UNDECLARED_SELECTOR = YES;
				GCC_WARN_UNINITIALIZED_AUTOS = YES_AGGRESSIVE;
				GCC_WARN_UNUSED_FUNCTION = YES;
				GCC_WARN_UNUSED_VARIABLE = YES;
				IPHONEOS_DEPLOYMENT_TARGET = 17.2;
				LOCALIZATION_PREFERS_STRING_CATALOGS = YES;
				MTL_ENABLE_DEBUG_INFO = NO;
				MTL_FAST_MATH = YES;
				SDKROOT = iphoneos;
				SWIFT_COMPILATION_MODE = wholemodule;
				VALIDATE_PRODUCT = YES;
			};
			name = Release;
		};
		82B98CF22BC115D60047EA95 /* Debug */ = {
			isa = XCBuildConfiguration;
			buildSettings = {
				ASSETCATALOG_COMPILER_APPICON_NAME = AppIcon;
				ASSETCATALOG_COMPILER_GLOBAL_ACCENT_COLOR_NAME = AccentColor;
				CODE_SIGN_STYLE = Automatic;
				CURRENT_PROJECT_VERSION = 1;
				DEVELOPMENT_ASSET_PATHS = "\"MovieSearch/Preview Content\"";
				DEVELOPMENT_TEAM = 2G2747HZW7;
				ENABLE_PREVIEWS = YES;
				GENERATE_INFOPLIST_FILE = YES;
				INFOPLIST_KEY_UIApplicationSceneManifest_Generation = YES;
				INFOPLIST_KEY_UIApplicationSupportsIndirectInputEvents = YES;
				INFOPLIST_KEY_UILaunchScreen_Generation = YES;
				INFOPLIST_KEY_UISupportedInterfaceOrientations_iPad = "UIInterfaceOrientationPortrait UIInterfaceOrientationPortraitUpsideDown UIInterfaceOrientationLandscapeLeft UIInterfaceOrientationLandscapeRight";
				INFOPLIST_KEY_UISupportedInterfaceOrientations_iPhone = "UIInterfaceOrientationPortrait UIInterfaceOrientationLandscapeLeft UIInterfaceOrientationLandscapeRight";
				LD_RUNPATH_SEARCH_PATHS = (
					"$(inherited)",
					"@executable_path/Frameworks",
				);
				MARKETING_VERSION = 1.0;
				PRODUCT_BUNDLE_IDENTIFIER = Bishnu.MovieSearch;
				PRODUCT_NAME = "$(TARGET_NAME)";
				SWIFT_EMIT_LOC_STRINGS = YES;
				SWIFT_VERSION = 5.0;
				TARGETED_DEVICE_FAMILY = "1,2";
			};
			name = Debug;
		};
		82B98CF32BC115D60047EA95 /* Release */ = {
			isa = XCBuildConfiguration;
			buildSettings = {
				ASSETCATALOG_COMPILER_APPICON_NAME = AppIcon;
				ASSETCATALOG_COMPILER_GLOBAL_ACCENT_COLOR_NAME = AccentColor;
				CODE_SIGN_STYLE = Automatic;
				CURRENT_PROJECT_VERSION = 1;
				DEVELOPMENT_ASSET_PATHS = "\"MovieSearch/Preview Content\"";
				DEVELOPMENT_TEAM = 2G2747HZW7;
				ENABLE_PREVIEWS = YES;
				GENERATE_INFOPLIST_FILE = YES;
				INFOPLIST_KEY_UIApplicationSceneManifest_Generation = YES;
				INFOPLIST_KEY_UIApplicationSupportsIndirectInputEvents = YES;
				INFOPLIST_KEY_UILaunchScreen_Generation = YES;
				INFOPLIST_KEY_UISupportedInterfaceOrientations_iPad = "UIInterfaceOrientationPortrait UIInterfaceOrientationPortraitUpsideDown UIInterfaceOrientationLandscapeLeft UIInterfaceOrientationLandscapeRight";
				INFOPLIST_KEY_UISupportedInterfaceOrientations_iPhone = "UIInterfaceOrientationPortrait UIInterfaceOrientationLandscapeLeft UIInterfaceOrientationLandscapeRight";
				LD_RUNPATH_SEARCH_PATHS = (
					"$(inherited)",
					"@executable_path/Frameworks",
				);
				MARKETING_VERSION = 1.0;
				PRODUCT_BUNDLE_IDENTIFIER = Bishnu.MovieSearch;
				PRODUCT_NAME = "$(TARGET_NAME)";
				SWIFT_EMIT_LOC_STRINGS = YES;
				SWIFT_VERSION = 5.0;
				TARGETED_DEVICE_FAMILY = "1,2";
			};
			name = Release;
		};
		82B98CF52BC115D60047EA95 /* Debug */ = {
			isa = XCBuildConfiguration;
			buildSettings = {
				ALWAYS_EMBED_SWIFT_STANDARD_LIBRARIES = YES;
				BUNDLE_LOADER = "$(TEST_HOST)";
				CODE_SIGN_STYLE = Automatic;
				CURRENT_PROJECT_VERSION = 1;
				DEVELOPMENT_TEAM = 2G2747HZW7;
				GENERATE_INFOPLIST_FILE = YES;
				IPHONEOS_DEPLOYMENT_TARGET = 17.2;
				MARKETING_VERSION = 1.0;
				PRODUCT_BUNDLE_IDENTIFIER = Bishnu.MovieSearchTests;
				PRODUCT_NAME = "$(TARGET_NAME)";
				SWIFT_EMIT_LOC_STRINGS = NO;
				SWIFT_VERSION = 5.0;
				TARGETED_DEVICE_FAMILY = "1,2";
				TEST_HOST = "$(BUILT_PRODUCTS_DIR)/MovieSearch.app/$(BUNDLE_EXECUTABLE_FOLDER_PATH)/MovieSearch";
			};
			name = Debug;
		};
		82B98CF62BC115D60047EA95 /* Release */ = {
			isa = XCBuildConfiguration;
			buildSettings = {
				ALWAYS_EMBED_SWIFT_STANDARD_LIBRARIES = YES;
				BUNDLE_LOADER = "$(TEST_HOST)";
				CODE_SIGN_STYLE = Automatic;
				CURRENT_PROJECT_VERSION = 1;
				DEVELOPMENT_TEAM = 2G2747HZW7;
				GENERATE_INFOPLIST_FILE = YES;
				IPHONEOS_DEPLOYMENT_TARGET = 17.2;
				MARKETING_VERSION = 1.0;
				PRODUCT_BUNDLE_IDENTIFIER = Bishnu.MovieSearchTests;
				PRODUCT_NAME = "$(TARGET_NAME)";
				SWIFT_EMIT_LOC_STRINGS = NO;
				SWIFT_VERSION = 5.0;
				TARGETED_DEVICE_FAMILY = "1,2";
				TEST_HOST = "$(BUILT_PRODUCTS_DIR)/MovieSearch.app/$(BUNDLE_EXECUTABLE_FOLDER_PATH)/MovieSearch";
			};
			name = Release;
		};
		82B98CF82BC115D60047EA95 /* Debug */ = {
			isa = XCBuildConfiguration;
			buildSettings = {
				ALWAYS_EMBED_SWIFT_STANDARD_LIBRARIES = YES;
				CODE_SIGN_STYLE = Automatic;
				CURRENT_PROJECT_VERSION = 1;
				DEVELOPMENT_TEAM = 2G2747HZW7;
				GENERATE_INFOPLIST_FILE = YES;
				MARKETING_VERSION = 1.0;
				PRODUCT_BUNDLE_IDENTIFIER = Bishnu.MovieSearchUITests;
				PRODUCT_NAME = "$(TARGET_NAME)";
				SWIFT_EMIT_LOC_STRINGS = NO;
				SWIFT_VERSION = 5.0;
				TARGETED_DEVICE_FAMILY = "1,2";
				TEST_TARGET_NAME = MovieSearch;
			};
			name = Debug;
		};
		82B98CF92BC115D60047EA95 /* Release */ = {
			isa = XCBuildConfiguration;
			buildSettings = {
				ALWAYS_EMBED_SWIFT_STANDARD_LIBRARIES = YES;
				CODE_SIGN_STYLE = Automatic;
				CURRENT_PROJECT_VERSION = 1;
				DEVELOPMENT_TEAM = 2G2747HZW7;
				GENERATE_INFOPLIST_FILE = YES;
				MARKETING_VERSION = 1.0;
				PRODUCT_BUNDLE_IDENTIFIER = Bishnu.MovieSearchUITests;
				PRODUCT_NAME = "$(TARGET_NAME)";
				SWIFT_EMIT_LOC_STRINGS = NO;
				SWIFT_VERSION = 5.0;
				TARGETED_DEVICE_FAMILY = "1,2";
				TEST_TARGET_NAME = MovieSearch;
			};
			name = Release;
		};
/* End XCBuildConfiguration section */

/* Begin XCConfigurationList section */
		82B98CC32BC115D50047EA95 /* Build configuration list for PBXProject "MovieSearch" */ = {
			isa = XCConfigurationList;
			buildConfigurations = (
				82B98CEF2BC115D60047EA95 /* Debug */,
				82B98CF02BC115D60047EA95 /* Release */,
			);
			defaultConfigurationIsVisible = 0;
			defaultConfigurationName = Release;
		};
		82B98CF12BC115D60047EA95 /* Build configuration list for PBXNativeTarget "MovieSearch" */ = {
			isa = XCConfigurationList;
			buildConfigurations = (
				82B98CF22BC115D60047EA95 /* Debug */,
				82B98CF32BC115D60047EA95 /* Release */,
			);
			defaultConfigurationIsVisible = 0;
			defaultConfigurationName = Release;
		};
		82B98CF42BC115D60047EA95 /* Build configuration list for PBXNativeTarget "MovieSearchTests" */ = {
			isa = XCConfigurationList;
			buildConfigurations = (
				82B98CF52BC115D60047EA95 /* Debug */,
				82B98CF62BC115D60047EA95 /* Release */,
			);
			defaultConfigurationIsVisible = 0;
			defaultConfigurationName = Release;
		};
		82B98CF72BC115D60047EA95 /* Build configuration list for PBXNativeTarget "MovieSearchUITests" */ = {
			isa = XCConfigurationList;
			buildConfigurations = (
				82B98CF82BC115D60047EA95 /* Debug */,
				82B98CF92BC115D60047EA95 /* Release */,
			);
			defaultConfigurationIsVisible = 0;
			defaultConfigurationName = Release;
		};
/* End XCConfigurationList section */

/* Begin XCLocalSwiftPackageReference section */
		82B98CFA2BC1178A0047EA95 /* XCLocalSwiftPackageReference "../MinimalNetworking" */ = {
			isa = XCLocalSwiftPackageReference;
			relativePath = ../MinimalNetworking;
		};
		82B98CFD2BC117A10047EA95 /* XCLocalSwiftPackageReference "../DesignSystem" */ = {
			isa = XCLocalSwiftPackageReference;
			relativePath = ../DesignSystem;
		};
/* End XCLocalSwiftPackageReference section */

/* Begin XCSwiftPackageProductDependency section */
		82B98CFB2BC1178A0047EA95 /* MinimalNetworking */ = {
			isa = XCSwiftPackageProductDependency;
			productName = MinimalNetworking;
		};
		82B98CFE2BC117A10047EA95 /* DesignSystem */ = {
			isa = XCSwiftPackageProductDependency;
			productName = DesignSystem;
		};
/* End XCSwiftPackageProductDependency section */

/* Begin XCVersionGroup section */
		82B98CD62BC115D60047EA95 /* MovieSearch.xcdatamodeld */ = {
			isa = XCVersionGroup;
			children = (
				82B98CD72BC115D60047EA95 /* MovieSearch.xcdatamodel */,
			);
			currentVersion = 82B98CD72BC115D60047EA95 /* MovieSearch.xcdatamodel */;
			path = MovieSearch.xcdatamodeld;
			sourceTree = "<group>";
			versionGroupType = wrapper.xcdatamodel;
		};
/* End XCVersionGroup section */
	};
	rootObject = 82B98CC02BC115D50047EA95 /* Project object */;
}
